
Microsoft Visual Studio Solution File, Format Version 12.00
# Visual Studio 2017
Project("{FAE04EC0-301F-11D3-BF4B-00C04F79EFBC}") = "github_zjwlib", "github_zjwlib.csproj", "{EEDC59F0-71A7-E530-1F31-1664405938C7}"
EndProject
Project("{FAE04EC0-301F-11D3-BF4B-00C04F79EFBC}") = "github_zjwlib.Editor", "github_zjwlib.Editor.csproj", "{A3813767-FD29-4643-9949-41BA0D4F46B7}"
EndProject
Global
	GlobalSection(SolutionConfigurationPlatforms) = preSolution
		Debug|Any CPU = Debug|Any CPU
		Release|Any CPU = Release|Any CPU
	EndGlobalSection
	GlobalSection(ProjectConfigurationPlatforms) = postSolution
		{EEDC59F0-71A7-E530-1F31-1664405938C7}.Debug|Any CPU.ActiveCfg = Debug|Any CPU
		{EEDC59F0-71A7-E530-1F31-1664405938C7}.Debug|Any CPU.Build.0 = Debug|Any CPU
		{EEDC59F0-71A7-E530-1F31-1664405938C7}.Release|Any CPU.ActiveCfg = Release|Any CPU
		{EEDC59F0-71A7-E530-1F31-1664405938C7}.Release|Any CPU.Build.0 = Release|Any CPU
		{A3813767-FD29-4643-9949-41BA0D4F46B7}.Debug|Any CPU.ActiveCfg = Debug|Any CPU
		{A3813767-FD29-4643-9949-41BA0D4F46B7}.Debug|Any CPU.Build.0 = Debug|Any CPU
		{A3813767-FD29-4643-9949-41BA0D4F46B7}.Release|Any CPU.ActiveCfg = Release|Any CPU
		{A3813767-FD29-4643-9949-41BA0D4F46B7}.Release|Any CPU.Build.0 = Release|Any CPU
	EndGlobalSection
	GlobalSection(SolutionProperties) = preSolution
		HideSolutionNode = FALSE
	EndGlobalSection
EndGlobal
