
Microsoft Visual Studio Solution File, Format Version 11.00
# Visual Studio 2010
Project("{FAE04EC0-301F-11D3-BF4B-00C04F79EFBC}") = "github_zjwlib", "Assembly-CSharp.csproj", "{3773311A-730E-F027-9F77-36C890FAE472}"
EndProject
Project("{FAE04EC0-301F-11D3-BF4B-00C04F79EFBC}") = "github_zjwlib", "Assembly-CSharp-Editor.csproj", "{67817E14-2496-32C7-287C-9ECAFF1C2FDD}"
EndProject
Global
	GlobalSection(SolutionConfigurationPlatforms) = preSolution
		Debug|Any CPU = Debug|Any CPU
		Release|Any CPU = Release|Any CPU
	EndGlobalSection
	GlobalSection(ProjectConfigurationPlatforms) = postSolution
		{3773311A-730E-F027-9F77-36C890FAE472}.Debug|Any CPU.ActiveCfg = Debug|Any CPU
		{3773311A-730E-F027-9F77-36C890FAE472}.Debug|Any CPU.Build.0 = Debug|Any CPU
		{3773311A-730E-F027-9F77-36C890FAE472}.Release|Any CPU.ActiveCfg = Release|Any CPU
		{3773311A-730E-F027-9F77-36C890FAE472}.Release|Any CPU.Build.0 = Release|Any CPU
		{67817E14-2496-32C7-287C-9ECAFF1C2FDD}.Debug|Any CPU.ActiveCfg = Debug|Any CPU
		{67817E14-2496-32C7-287C-9ECAFF1C2FDD}.Debug|Any CPU.Build.0 = Debug|Any CPU
		{67817E14-2496-32C7-287C-9ECAFF1C2FDD}.Release|Any CPU.ActiveCfg = Release|Any CPU
		{67817E14-2496-32C7-287C-9ECAFF1C2FDD}.Release|Any CPU.Build.0 = Release|Any CPU
	EndGlobalSection
	GlobalSection(SolutionProperties) = preSolution
		HideSolutionNode = FALSE
	EndGlobalSection
	GlobalSection(MonoDevelopProperties) = preSolution
		StartupItem = Assembly-CSharp.csproj
	EndGlobalSection
EndGlobal
